
Microsoft Visual Studio Solution File, Format Version 12.00
# Visual Studio Version 17
VisualStudioVersion = 17.8.34322.80
MinimumVisualStudioVersion = 10.0.40219.1
Project("{FAE04EC0-301F-11D3-BF4B-00C04F79EFBC}") = "WebApplication5", "WebApplication5\WebApplication5.csproj", "{994E866B-13F9-465F-B056-576D800ED7B4}"
EndProject
Global
	GlobalSection(SolutionConfigurationPlatforms) = preSolution
		Debug|Any CPU = Debug|Any CPU
		Release|Any CPU = Release|Any CPU
	EndGlobalSection
	GlobalSection(ProjectConfigurationPlatforms) = postSolution
		{994E866B-13F9-465F-B056-576D800ED7B4}.Debug|Any CPU.ActiveCfg = Debug|Any CPU
		{994E866B-13F9-465F-B056-576D800ED7B4}.Debug|Any CPU.Build.0 = Debug|Any CPU
		{994E866B-13F9-465F-B056-576D800ED7B4}.Release|Any CPU.ActiveCfg = Release|Any CPU
		{994E866B-13F9-465F-B056-576D800ED7B4}.Release|Any CPU.Build.0 = Release|Any CPU
	EndGlobalSection
	GlobalSection(SolutionProperties) = preSolution
		HideSolutionNode = FALSE
	EndGlobalSection
	GlobalSection(ExtensibilityGlobals) = postSolution
		SolutionGuid = {DA3B7E73-D85D-49B1-86B5-BCD3DD081B60}
	EndGlobalSection
EndGlobal
